<Solution>
  <Project Path="NEN/NEN.csproj" />
  <Project Path="NENTest/NENTest.csproj" Id="1cf8a4ae-c9da-473e-a414-0e4782c4088a" />
  <Project Path="TANG/TANG.csproj" Id="edd1fa0a-c201-4953-a2b1-7e4f46fd591f" />
  <Project Path="TBDNEN/TBDNEN.csproj" Id="47367626-5113-46fd-8ca7-8e6c78ef631d" />
</Solution>
